// !$*UTF8*$!
{
	archiveVersion = 1;
	classes = {
	};
	objectVersion = 46;
	objects = {

/* Begin PBXBuildFile section */
		B97069511A6AFAB1008AAD58 /* main.m in Sources */ = {isa = PBXBuildFile; fileRef = B97069501A6AFAB1008AAD58 /* main.m */; };
		B97069541A6AFAB1008AAD58 /* AppDelegate.m in Sources */ = {isa = PBXBuildFile; fileRef = B97069531A6AFAB1008AAD58 /* AppDelegate.m */; };
		B97069571A6AFAB1008AAD58 /* Welcome.m in Sources */ = {isa = PBXBuildFile; fileRef = B97069561A6AFAB1008AAD58 /* Welcome.m */; };
		B970695A1A6AFAB1008AAD58 /* Main.storyboard in Resources */ = {isa = PBXBuildFile; fileRef = B97069581A6AFAB1008AAD58 /* Main.storyboard */; };
		B970695C1A6AFAB1008AAD58 /* Images.xcassets in Resources */ = {isa = PBXBuildFile; fileRef = B970695B1A6AFAB1008AAD58 /* Images.xcassets */; };
		B970695F1A6AFAB1008AAD58 /* LaunchScreen.xib in Resources */ = {isa = PBXBuildFile; fileRef = B970695D1A6AFAB1008AAD58 /* LaunchScreen.xib */; };
		B970696B1A6AFAB1008AAD58 /* Practica1Tests.m in Sources */ = {isa = PBXBuildFile; fileRef = B970696A1A6AFAB1008AAD58 /* Practica1Tests.m */; };
		B9EAE8EA1A6B47010038D059 /* bart01.PNG in Resources */ = {isa = PBXBuildFile; fileRef = B9EAE8E41A6B47010038D059 /* bart01.PNG */; };
		B9EAE8EB1A6B47010038D059 /* grandpa01.png in Resources */ = {isa = PBXBuildFile; fileRef = B9EAE8E51A6B47010038D059 /* grandpa01.png */; };
		B9EAE8EC1A6B47010038D059 /* homer01.png in Resources */ = {isa = PBXBuildFile; fileRef = B9EAE8E61A6B47010038D059 /* homer01.png */; };
		B9EAE8ED1A6B47010038D059 /* lisa01.png in Resources */ = {isa = PBXBuildFile; fileRef = B9EAE8E71A6B47010038D059 /* lisa01.png */; };
		B9EAE8EE1A6B47010038D059 /* maggie01.png in Resources */ = {isa = PBXBuildFile; fileRef = B9EAE8E81A6B47010038D059 /* maggie01.png */; };
		B9EAE8EF1A6B47010038D059 /* marge01.png in Resources */ = {isa = PBXBuildFile; fileRef = B9EAE8E91A6B47010038D059 /* marge01.png */; };
		B9EAE8F21A6B54540038D059 /* GlobalVars.m in Sources */ = {isa = PBXBuildFile; fileRef = B9EAE8F11A6B54540038D059 /* GlobalVars.m */; };
		B9EAE8F51A6B65F50038D059 /* ShowView.m in Sources */ = {isa = PBXBuildFile; fileRef = B9EAE8F41A6B65F50038D059 /* ShowView.m */; };
		B9EAE8F81A6BA2270038D059 /* EditView.m in Sources */ = {isa = PBXBuildFile; fileRef = B9EAE8F71A6BA2270038D059 /* EditView.m */; };
/* End PBXBuildFile section */

/* Begin PBXContainerItemProxy section */
		B97069651A6AFAB1008AAD58 /* PBXContainerItemProxy */ = {
			isa = PBXContainerItemProxy;
			containerPortal = B97069431A6AFAB1008AAD58 /* Project object */;
			proxyType = 1;
			remoteGlobalIDString = B970694A1A6AFAB1008AAD58;
			remoteInfo = Practica1;
		};
/* End PBXContainerItemProxy section */

/* Begin PBXFileReference section */
		B970694B1A6AFAB1008AAD58 /* Practica1.app */ = {isa = PBXFileReference; explicitFileType = wrapper.application; includeInIndex = 0; path = Practica1.app; sourceTree = BUILT_PRODUCTS_DIR; };
		B970694F1A6AFAB1008AAD58 /* Info.plist */ = {isa = PBXFileReference; lastKnownFileType = text.plist.xml; path = Info.plist; sourceTree = "<group>"; };
		B97069501A6AFAB1008AAD58 /* main.m */ = {isa = PBXFileReference; lastKnownFileType = sourcecode.c.objc; path = main.m; sourceTree = "<group>"; };
		B97069521A6AFAB1008AAD58 /* AppDelegate.h */ = {isa = PBXFileReference; lastKnownFileType = sourcecode.c.h; path = AppDelegate.h; sourceTree = "<group>"; };
		B97069531A6AFAB1008AAD58 /* AppDelegate.m */ = {isa = PBXFileReference; lastKnownFileType = sourcecode.c.objc; path = AppDelegate.m; sourceTree = "<group>"; };
		B97069551A6AFAB1008AAD58 /* Welcome.h */ = {isa = PBXFileReference; lastKnownFileType = sourcecode.c.h; path = Welcome.h; sourceTree = "<group>"; };
		B97069561A6AFAB1008AAD58 /* Welcome.m */ = {isa = PBXFileReference; lastKnownFileType = sourcecode.c.objc; path = Welcome.m; sourceTree = "<group>"; };
		B97069591A6AFAB1008AAD58 /* Base */ = {isa = PBXFileReference; lastKnownFileType = file.storyboard; name = Base; path = Base.lproj/Main.storyboard; sourceTree = "<group>"; };
		B970695B1A6AFAB1008AAD58 /* Images.xcassets */ = {isa = PBXFileReference; lastKnownFileType = folder.assetcatalog; path = Images.xcassets; sourceTree = "<group>"; };
		B970695E1A6AFAB1008AAD58 /* Base */ = {isa = PBXFileReference; lastKnownFileType = file.xib; name = Base; path = Base.lproj/LaunchScreen.xib; sourceTree = "<group>"; };
		B97069641A6AFAB1008AAD58 /* Practica1Tests.xctest */ = {isa = PBXFileReference; explicitFileType = wrapper.cfbundle; includeInIndex = 0; path = Practica1Tests.xctest; sourceTree = BUILT_PRODUCTS_DIR; };
		B97069691A6AFAB1008AAD58 /* Info.plist */ = {isa = PBXFileReference; lastKnownFileType = text.plist.xml; path = Info.plist; sourceTree = "<group>"; };
		B970696A1A6AFAB1008AAD58 /* Practica1Tests.m */ = {isa = PBXFileReference; lastKnownFileType = sourcecode.c.objc; path = Practica1Tests.m; sourceTree = "<group>"; };
		B9EAE8E41A6B47010038D059 /* bart01.PNG */ = {isa = PBXFileReference; lastKnownFileType = image.png; path = bart01.PNG; sourceTree = SOURCE_ROOT; };
		B9EAE8E51A6B47010038D059 /* grandpa01.png */ = {isa = PBXFileReference; lastKnownFileType = image.png; path = grandpa01.png; sourceTree = SOURCE_ROOT; };
		B9EAE8E61A6B47010038D059 /* homer01.png */ = {isa = PBXFileReference; lastKnownFileType = image.png; path = homer01.png; sourceTree = SOURCE_ROOT; };
		B9EAE8E71A6B47010038D059 /* lisa01.png */ = {isa = PBXFileReference; lastKnownFileType = image.png; path = lisa01.png; sourceTree = SOURCE_ROOT; };
		B9EAE8E81A6B47010038D059 /* maggie01.png */ = {isa = PBXFileReference; lastKnownFileType = image.png; path = maggie01.png; sourceTree = SOURCE_ROOT; };
		B9EAE8E91A6B47010038D059 /* marge01.png */ = {isa = PBXFileReference; lastKnownFileType = image.png; path = marge01.png; sourceTree = SOURCE_ROOT; };
		B9EAE8F01A6B54540038D059 /* GlobalVars.h */ = {isa = PBXFileReference; fileEncoding = 4; lastKnownFileType = sourcecode.c.h; path = GlobalVars.h; sourceTree = "<group>"; };
		B9EAE8F11A6B54540038D059 /* GlobalVars.m */ = {isa = PBXFileReference; fileEncoding = 4; lastKnownFileType = sourcecode.c.objc; path = GlobalVars.m; sourceTree = "<group>"; };
		B9EAE8F31A6B65F50038D059 /* ShowView.h */ = {isa = PBXFileReference; fileEncoding = 4; lastKnownFileType = sourcecode.c.h; path = ShowView.h; sourceTree = "<group>"; };
		B9EAE8F41A6B65F50038D059 /* ShowView.m */ = {isa = PBXFileReference; fileEncoding = 4; lastKnownFileType = sourcecode.c.objc; path = ShowView.m; sourceTree = "<group>"; };
		B9EAE8F61A6BA2270038D059 /* EditView.h */ = {isa = PBXFileReference; fileEncoding = 4; lastKnownFileType = sourcecode.c.h; path = EditView.h; sourceTree = "<group>"; };
		B9EAE8F71A6BA2270038D059 /* EditView.m */ = {isa = PBXFileReference; fileEncoding = 4; lastKnownFileType = sourcecode.c.objc; path = EditView.m; sourceTree = "<group>"; };
/* End PBXFileReference section */

/* Begin PBXFrameworksBuildPhase section */
		B97069481A6AFAB1008AAD58 /* Frameworks */ = {
			isa = PBXFrameworksBuildPhase;
			buildActionMask = 2147483647;
			files = (
			);
			runOnlyForDeploymentPostprocessing = 0;
		};
		B97069611A6AFAB1008AAD58 /* Frameworks */ = {
			isa = PBXFrameworksBuildPhase;
			buildActionMask = 2147483647;
			files = (
			);
			runOnlyForDeploymentPostprocessing = 0;
		};
/* End PBXFrameworksBuildPhase section */

/* Begin PBXGroup section */
		B97069421A6AFAB1008AAD58 = {
			isa = PBXGroup;
			children = (
				B970694D1A6AFAB1008AAD58 /* Practica1 */,
				B97069671A6AFAB1008AAD58 /* Practica1Tests */,
				B970694C1A6AFAB1008AAD58 /* Products */,
			);
			sourceTree = "<group>";
		};
		B970694C1A6AFAB1008AAD58 /* Products */ = {
			isa = PBXGroup;
			children = (
				B970694B1A6AFAB1008AAD58 /* Practica1.app */,
				B97069641A6AFAB1008AAD58 /* Practica1Tests.xctest */,
			);
			name = Products;
			sourceTree = "<group>";
		};
		B970694D1A6AFAB1008AAD58 /* Practica1 */ = {
			isa = PBXGroup;
			children = (
				B97069521A6AFAB1008AAD58 /* AppDelegate.h */,
				B97069531A6AFAB1008AAD58 /* AppDelegate.m */,
				B9EAE8F01A6B54540038D059 /* GlobalVars.h */,
				B9EAE8F11A6B54540038D059 /* GlobalVars.m */,
				B97069551A6AFAB1008AAD58 /* Welcome.h */,
				B97069561A6AFAB1008AAD58 /* Welcome.m */,
				B9EAE8F31A6B65F50038D059 /* ShowView.h */,
				B9EAE8F41A6B65F50038D059 /* ShowView.m */,
				B9EAE8F61A6BA2270038D059 /* EditView.h */,
				B9EAE8F71A6BA2270038D059 /* EditView.m */,
				B97069581A6AFAB1008AAD58 /* Main.storyboard */,
				B970695B1A6AFAB1008AAD58 /* Images.xcassets */,
				B970695D1A6AFAB1008AAD58 /* LaunchScreen.xib */,
				B9EAE8E31A6B46D00038D059 /* img */,
				B970694E1A6AFAB1008AAD58 /* Supporting Files */,
			);
			path = Practica1;
			sourceTree = "<group>";
		};
		B970694E1A6AFAB1008AAD58 /* Supporting Files */ = {
			isa = PBXGroup;
			children = (
				B970694F1A6AFAB1008AAD58 /* Info.plist */,
				B97069501A6AFAB1008AAD58 /* main.m */,
			);
			name = "Supporting Files";
			sourceTree = "<group>";
		};
		B97069671A6AFAB1008AAD58 /* Practica1Tests */ = {
			isa = PBXGroup;
			children = (
				B970696A1A6AFAB1008AAD58 /* Practica1Tests.m */,
				B97069681A6AFAB1008AAD58 /* Supporting Files */,
			);
			path = Practica1Tests;
			sourceTree = "<group>";
		};
		B97069681A6AFAB1008AAD58 /* Supporting Files */ = {
			isa = PBXGroup;
			children = (
				B97069691A6AFAB1008AAD58 /* Info.plist */,
			);
			name = "Supporting Files";
			sourceTree = "<group>";
		};
		B9EAE8E31A6B46D00038D059 /* img */ = {
			isa = PBXGroup;
			children = (
				B9EAE8E41A6B47010038D059 /* bart01.PNG */,
				B9EAE8E51A6B47010038D059 /* grandpa01.png */,
				B9EAE8E61A6B47010038D059 /* homer01.png */,
				B9EAE8E71A6B47010038D059 /* lisa01.png */,
				B9EAE8E81A6B47010038D059 /* maggie01.png */,
				B9EAE8E91A6B47010038D059 /* marge01.png */,
			);
			name = img;
			sourceTree = "<group>";
		};
/* End PBXGroup section */

/* Begin PBXNativeTarget section */
		B970694A1A6AFAB1008AAD58 /* Practica1 */ = {
			isa = PBXNativeTarget;
			buildConfigurationList = B970696E1A6AFAB1008AAD58 /* Build configuration list for PBXNativeTarget "Practica1" */;
			buildPhases = (
				B97069471A6AFAB1008AAD58 /* Sources */,
				B97069481A6AFAB1008AAD58 /* Frameworks */,
				B97069491A6AFAB1008AAD58 /* Resources */,
			);
			buildRules = (
			);
			dependencies = (
			);
			name = Practica1;
			productName = Practica1;
			productReference = B970694B1A6AFAB1008AAD58 /* Practica1.app */;
			productType = "com.apple.product-type.application";
		};
		B97069631A6AFAB1008AAD58 /* Practica1Tests */ = {
			isa = PBXNativeTarget;
			buildConfigurationList = B97069711A6AFAB1008AAD58 /* Build configuration list for PBXNativeTarget "Practica1Tests" */;
			buildPhases = (
				B97069601A6AFAB1008AAD58 /* Sources */,
				B97069611A6AFAB1008AAD58 /* Frameworks */,
				B97069621A6AFAB1008AAD58 /* Resources */,
			);
			buildRules = (
			);
			dependencies = (
				B97069661A6AFAB1008AAD58 /* PBXTargetDependency */,
			);
			name = Practica1Tests;
			productName = Practica1Tests;
			productReference = B97069641A6AFAB1008AAD58 /* Practica1Tests.xctest */;
			productType = "com.apple.product-type.bundle.unit-test";
		};
/* End PBXNativeTarget section */

/* Begin PBXProject section */
		B97069431A6AFAB1008AAD58 /* Project object */ = {
			isa = PBXProject;
			attributes = {
				LastUpgradeCheck = 0610;
				ORGANIZATIONNAME = Smartplace;
				TargetAttributes = {
					B970694A1A6AFAB1008AAD58 = {
						CreatedOnToolsVersion = 6.1.1;
					};
					B97069631A6AFAB1008AAD58 = {
						CreatedOnToolsVersion = 6.1.1;
						TestTargetID = B970694A1A6AFAB1008AAD58;
					};
				};
			};
			buildConfigurationList = B97069461A6AFAB1008AAD58 /* Build configuration list for PBXProject "Practica1" */;
			compatibilityVersion = "Xcode 3.2";
			developmentRegion = English;
			hasScannedForEncodings = 0;
			knownRegions = (
				en,
				Base,
			);
			mainGroup = B97069421A6AFAB1008AAD58;
			productRefGroup = B970694C1A6AFAB1008AAD58 /* Products */;
			projectDirPath = "";
			projectRoot = "";
			targets = (
				B970694A1A6AFAB1008AAD58 /* Practica1 */,
				B97069631A6AFAB1008AAD58 /* Practica1Tests */,
			);
		};
/* End PBXProject section */

/* Begin PBXResourcesBuildPhase section */
		B97069491A6AFAB1008AAD58 /* Resources */ = {
			isa = PBXResourcesBuildPhase;
			buildActionMask = 2147483647;
			files = (
				B9EAE8ED1A6B47010038D059 /* lisa01.png in Resources */,
				B970695A1A6AFAB1008AAD58 /* Main.storyboard in Resources */,
				B9EAE8EE1A6B47010038D059 /* maggie01.png in Resources */,
				B970695F1A6AFAB1008AAD58 /* LaunchScreen.xib in Resources */,
				B9EAE8EB1A6B47010038D059 /* grandpa01.png in Resources */,
				B9EAE8EF1A6B47010038D059 /* marge01.png in Resources */,
				B970695C1A6AFAB1008AAD58 /* Images.xcassets in Resources */,
				B9EAE8EC1A6B47010038D059 /* homer01.png in Resources */,
				B9EAE8EA1A6B47010038D059 /* bart01.PNG in Resources */,
			);
			runOnlyForDeploymentPostprocessing = 0;
		};
		B97069621A6AFAB1008AAD58 /* Resources */ = {
			isa = PBXResourcesBuildPhase;
			buildActionMask = 2147483647;
			files = (
			);
			runOnlyForDeploymentPostprocessing = 0;
		};
/* End PBXResourcesBuildPhase section */

/* Begin PBXSourcesBuildPhase section */
		B97069471A6AFAB1008AAD58 /* Sources */ = {
			isa = PBXSourcesBuildPhase;
			buildActionMask = 2147483647;
			files = (
				B9EAE8F21A6B54540038D059 /* GlobalVars.m in Sources */,
				B97069571A6AFAB1008AAD58 /* Welcome.m in Sources */,
				B97069541A6AFAB1008AAD58 /* AppDelegate.m in Sources */,
				B9EAE8F51A6B65F50038D059 /* ShowView.m in Sources */,
				B9EAE8F81A6BA2270038D059 /* EditView.m in Sources */,
				B97069511A6AFAB1008AAD58 /* main.m in Sources */,
			);
			runOnlyForDeploymentPostprocessing = 0;
		};
		B97069601A6AFAB1008AAD58 /* Sources */ = {
			isa = PBXSourcesBuildPhase;
			buildActionMask = 2147483647;
			files = (
				B970696B1A6AFAB1008AAD58 /* Practica1Tests.m in Sources */,
			);
			runOnlyForDeploymentPostprocessing = 0;
		};
/* End PBXSourcesBuildPhase section */

/* Begin PBXTargetDependency section */
		B97069661A6AFAB1008AAD58 /* PBXTargetDependency */ = {
			isa = PBXTargetDependency;
			target = B970694A1A6AFAB1008AAD58 /* Practica1 */;
			targetProxy = B97069651A6AFAB1008AAD58 /* PBXContainerItemProxy */;
		};
/* End PBXTargetDependency section */

/* Begin PBXVariantGroup section */
		B97069581A6AFAB1008AAD58 /* Main.storyboard */ = {
			isa = PBXVariantGroup;
			children = (
				B97069591A6AFAB1008AAD58 /* Base */,
			);
			name = Main.storyboard;
			sourceTree = "<group>";
		};
		B970695D1A6AFAB1008AAD58 /* LaunchScreen.xib */ = {
			isa = PBXVariantGroup;
			children = (
				B970695E1A6AFAB1008AAD58 /* Base */,
			);
			name = LaunchScreen.xib;
			sourceTree = "<group>";
		};
/* End PBXVariantGroup section */

/* Begin XCBuildConfiguration section */
		B970696C1A6AFAB1008AAD58 /* Debug */ = {
			isa = XCBuildConfiguration;
			buildSettings = {
				ALWAYS_SEARCH_USER_PATHS = NO;
				CLANG_CXX_LANGUAGE_STANDARD = "gnu++0x";
				CLANG_CXX_LIBRARY = "libc++";
				CLANG_ENABLE_MODULES = YES;
				CLANG_ENABLE_OBJC_ARC = YES;
				CLANG_WARN_BOOL_CONVERSION = YES;
				CLANG_WARN_CONSTANT_CONVERSION = YES;
				CLANG_WARN_DIRECT_OBJC_ISA_USAGE = YES_ERROR;
				CLANG_WARN_EMPTY_BODY = YES;
				CLANG_WARN_ENUM_CONVERSION = YES;
				CLANG_WARN_INT_CONVERSION = YES;
				CLANG_WARN_OBJC_ROOT_CLASS = YES_ERROR;
				CLANG_WARN_UNREACHABLE_CODE = YES;
				CLANG_WARN__DUPLICATE_METHOD_MATCH = YES;
				"CODE_SIGN_IDENTITY[sdk=iphoneos*]" = "iPhone Developer";
				COPY_PHASE_STRIP = NO;
				ENABLE_STRICT_OBJC_MSGSEND = YES;
				GCC_C_LANGUAGE_STANDARD = gnu99;
				GCC_DYNAMIC_NO_PIC = NO;
				GCC_OPTIMIZATION_LEVEL = 0;
				GCC_PREPROCESSOR_DEFINITIONS = (
					"DEBUG=1",
					"$(inherited)",
				);
				GCC_SYMBOLS_PRIVATE_EXTERN = NO;
				GCC_WARN_64_TO_32_BIT_CONVERSION = YES;
				GCC_WARN_ABOUT_RETURN_TYPE = YES_ERROR;
				GCC_WARN_UNDECLARED_SELECTOR = YES;
				GCC_WARN_UNINITIALIZED_AUTOS = YES_AGGRESSIVE;
				GCC_WARN_UNUSED_FUNCTION = YES;
				GCC_WARN_UNUSED_VARIABLE = YES;
				IPHONEOS_DEPLOYMENT_TARGET = 8.1;
				MTL_ENABLE_DEBUG_INFO = YES;
				ONLY_ACTIVE_ARCH = YES;
				SDKROOT = iphoneos;
			};
			name = Debug;
		};
		B970696D1A6AFAB1008AAD58 /* Release */ = {
			isa = XCBuildConfiguration;
			buildSettings = {
				ALWAYS_SEARCH_USER_PATHS = NO;
				CLANG_CXX_LANGUAGE_STANDARD = "gnu++0x";
				CLANG_CXX_LIBRARY = "libc++";
				CLANG_ENABLE_MODULES = YES;
				CLANG_ENABLE_OBJC_ARC = YES;
				CLANG_WARN_BOOL_CONVERSION = YES;
				CLANG_WARN_CONSTANT_CONVERSION = YES;
				CLANG_WARN_DIRECT_OBJC_ISA_USAGE = YES_ERROR;
				CLANG_WARN_EMPTY_BODY = YES;
				CLANG_WARN_ENUM_CONVERSION = YES;
				CLANG_WARN_INT_CONVERSION = YES;
				CLANG_WARN_OBJC_ROOT_CLASS = YES_ERROR;
				CLANG_WARN_UNREACHABLE_CODE = YES;
				CLANG_WARN__DUPLICATE_METHOD_MATCH = YES;
				"CODE_SIGN_IDENTITY[sdk=iphoneos*]" = "iPhone Developer";
				COPY_PHASE_STRIP = YES;
				ENABLE_NS_ASSERTIONS = NO;
				ENABLE_STRICT_OBJC_MSGSEND = YES;
				GCC_C_LANGUAGE_STANDARD = gnu99;
				GCC_WARN_64_TO_32_BIT_CONVERSION = YES;
				GCC_WARN_ABOUT_RETURN_TYPE = YES_ERROR;
				GCC_WARN_UNDECLARED_SELECTOR = YES;
				GCC_WARN_UNINITIALIZED_AUTOS = YES_AGGRESSIVE;
				GCC_WARN_UNUSED_FUNCTION = YES;
				GCC_WARN_UNUSED_VARIABLE = YES;
				IPHONEOS_DEPLOYMENT_TARGET = 8.1;
				MTL_ENABLE_DEBUG_INFO = NO;
				SDKROOT = iphoneos;
				VALIDATE_PRODUCT = YES;
			};
			name = Release;
		};
		B970696F1A6AFAB1008AAD58 /* Debug */ = {
			isa = XCBuildConfiguration;
			buildSettings = {
				ASSETCATALOG_COMPILER_APPICON_NAME = AppIcon;
				INFOPLIST_FILE = Practica1/Info.plist;
				LD_RUNPATH_SEARCH_PATHS = "$(inherited) @executable_path/Frameworks";
				PRODUCT_NAME = "$(TARGET_NAME)";
			};
			name = Debug;
		};
		B97069701A6AFAB1008AAD58 /* Release */ = {
			isa = XCBuildConfiguration;
			buildSettings = {
				ASSETCATALOG_COMPILER_APPICON_NAME = AppIcon;
				INFOPLIST_FILE = Practica1/Info.plist;
				LD_RUNPATH_SEARCH_PATHS = "$(inherited) @executable_path/Frameworks";
				PRODUCT_NAME = "$(TARGET_NAME)";
			};
			name = Release;
		};
		B97069721A6AFAB1008AAD58 /* Debug */ = {
			isa = XCBuildConfiguration;
			buildSettings = {
				BUNDLE_LOADER = "$(TEST_HOST)";
				FRAMEWORK_SEARCH_PATHS = (
					"$(SDKROOT)/Developer/Library/Frameworks",
					"$(inherited)",
				);
				GCC_PREPROCESSOR_DEFINITIONS = (
					"DEBUG=1",
					"$(inherited)",
				);
				INFOPLIST_FILE = Practica1Tests/Info.plist;
				LD_RUNPATH_SEARCH_PATHS = "$(inherited) @executable_path/Frameworks @loader_path/Frameworks";
				PRODUCT_NAME = "$(TARGET_NAME)";
				TEST_HOST = "$(BUILT_PRODUCTS_DIR)/Practica1.app/Practica1";
			};
			name = Debug;
		};
		B97069731A6AFAB1008AAD58 /* Release */ = {
			isa = XCBuildConfiguration;
			buildSettings = {
				BUNDLE_LOADER = "$(TEST_HOST)";
				FRAMEWORK_SEARCH_PATHS = (
					"$(SDKROOT)/Developer/Library/Frameworks",
					"$(inherited)",
				);
				INFOPLIST_FILE = Practica1Tests/Info.plist;
				LD_RUNPATH_SEARCH_PATHS = "$(inherited) @executable_path/Frameworks @loader_path/Frameworks";
				PRODUCT_NAME = "$(TARGET_NAME)";
				TEST_HOST = "$(BUILT_PRODUCTS_DIR)/Practica1.app/Practica1";
			};
			name = Release;
		};
/* End XCBuildConfiguration section */

/* Begin XCConfigurationList section */
		B97069461A6AFAB1008AAD58 /* Build configuration list for PBXProject "Practica1" */ = {
			isa = XCConfigurationList;
			buildConfigurations = (
				B970696C1A6AFAB1008AAD58 /* Debug */,
				B970696D1A6AFAB1008AAD58 /* Release */,
			);
			defaultConfigurationIsVisible = 0;
			defaultConfigurationName = Release;
		};
		B970696E1A6AFAB1008AAD58 /* Build configuration list for PBXNativeTarget "Practica1" */ = {
			isa = XCConfigurationList;
			buildConfigurations = (
				B970696F1A6AFAB1008AAD58 /* Debug */,
				B97069701A6AFAB1008AAD58 /* Release */,
			);
			defaultConfigurationIsVisible = 0;
			defaultConfigurationName = Release;
		};
		B97069711A6AFAB1008AAD58 /* Build configuration list for PBXNativeTarget "Practica1Tests" */ = {
			isa = XCConfigurationList;
			buildConfigurations = (
				B97069721A6AFAB1008AAD58 /* Debug */,
				B97069731A6AFAB1008AAD58 /* Release */,
			);
			defaultConfigurationIsVisible = 0;
			defaultConfigurationName = Release;
		};
/* End XCConfigurationList section */
	};
	rootObject = B97069431A6AFAB1008AAD58 /* Project object */;
}
